// !$*UTF8*$!
{
	archiveVersion = 1;
	classes = {
	};
	objectVersion = 77;
	objects = {

/* Begin PBXBuildFile section */
		1A0000012DFF000000000001 /* ScreenshotManagerApp.swift in Sources */ = {isa = PBXBuildFile; fileRef = 1A0000012DFF000000000101 /* ScreenshotManagerApp.swift */; };
		1A0000012DFF000000000002 /* AppDelegate.swift in Sources */ = {isa = PBXBuildFile; fileRef = 1A0000012DFF000000000102 /* AppDelegate.swift */; };
		1A0000012DFF000000000003 /* GlobalHotkeyManager.swift in Sources */ = {isa = PBXBuildFile; fileRef = 1A0000012DFF000000000103 /* GlobalHotkeyManager.swift */; };
		1A0000012DFF000000000004 /* ScreenshotItem.swift in Sources */ = {isa = PBXBuildFile; fileRef = 1A0000012DFF000000000104 /* ScreenshotItem.swift */; };
		1A0000012DFF000000000005 /* ScreenshotStore.swift in Sources */ = {isa = PBXBuildFile; fileRef = 1A0000012DFF000000000105 /* ScreenshotStore.swift */; };
		1A0000012DFF000000000006 /* ContentView.swift in Sources */ = {isa = PBXBuildFile; fileRef = 1A0000012DFF000000000106 /* ContentView.swift */; };
		1A0000012DFF000000000007 /* VisualEffectView.swift in Sources */ = {isa = PBXBuildFile; fileRef = 1A0000012DFF000000000107 /* VisualEffectView.swift */; };
		1A0000012DFF000000000008 /* Assets.xcassets in Resources */ = {isa = PBXBuildFile; fileRef = 1A0000012DFF000000000108 /* Assets.xcassets */; };
		1A0000012DFF000000000009 /* ScreenshotCaptureService.swift in Sources */ = {isa = PBXBuildFile; fileRef = 1A0000012DFF000000000109 /* ScreenshotCaptureService.swift */; };
		1A0000012DFF00000000000A /* AppHotkey.swift in Sources */ = {isa = PBXBuildFile; fileRef = 1A0000012DFF00000000010A /* AppHotkey.swift */; };
		1A0000012DFF00000000000B /* HotkeyRecorderView.swift in Sources */ = {isa = PBXBuildFile; fileRef = 1A0000012DFF00000000010B /* HotkeyRecorderView.swift */; };
		1A0000012DFF00000000000C /* ImageEditorView.swift in Sources */ = {isa = PBXBuildFile; fileRef = 1A0000012DFF00000000010C /* ImageEditorView.swift */; };
		1A0000012DFF00000000000D /* AppTypography.swift in Sources */ = {isa = PBXBuildFile; fileRef = 1A0000012DFF00000000010D /* AppTypography.swift */; };
		1A0000012DFF00000000000E /* ScreenCaptureOverlayController.swift in Sources */ = {isa = PBXBuildFile; fileRef = 1A0000012DFF00000000010E /* ScreenCaptureOverlayController.swift */; };
/* End PBXBuildFile section */

/* Begin PBXFileReference section */
		1A0000012DFF000000000010 /* ScreenshotManager.app */ = {isa = PBXFileReference; explicitFileType = wrapper.application; includeInIndex = 0; path = ScreenshotManager.app; sourceTree = BUILT_PRODUCTS_DIR; };
		1A0000012DFF000000000101 /* ScreenshotManagerApp.swift */ = {isa = PBXFileReference; lastKnownFileType = sourcecode.swift; path = ScreenshotManagerApp.swift; sourceTree = "<group>"; };
		1A0000012DFF000000000102 /* AppDelegate.swift */ = {isa = PBXFileReference; lastKnownFileType = sourcecode.swift; path = AppDelegate.swift; sourceTree = "<group>"; };
		1A0000012DFF000000000103 /* GlobalHotkeyManager.swift */ = {isa = PBXFileReference; lastKnownFileType = sourcecode.swift; path = GlobalHotkeyManager.swift; sourceTree = "<group>"; };
		1A0000012DFF000000000104 /* ScreenshotItem.swift */ = {isa = PBXFileReference; lastKnownFileType = sourcecode.swift; path = ScreenshotItem.swift; sourceTree = "<group>"; };
		1A0000012DFF000000000105 /* ScreenshotStore.swift */ = {isa = PBXFileReference; lastKnownFileType = sourcecode.swift; path = ScreenshotStore.swift; sourceTree = "<group>"; };
		1A0000012DFF000000000106 /* ContentView.swift */ = {isa = PBXFileReference; lastKnownFileType = sourcecode.swift; path = ContentView.swift; sourceTree = "<group>"; };
		1A0000012DFF000000000107 /* VisualEffectView.swift */ = {isa = PBXFileReference; lastKnownFileType = sourcecode.swift; path = VisualEffectView.swift; sourceTree = "<group>"; };
		1A0000012DFF000000000108 /* Assets.xcassets */ = {isa = PBXFileReference; lastKnownFileType = folder.assetcatalog; path = Assets.xcassets; sourceTree = "<group>"; };
		1A0000012DFF000000000109 /* ScreenshotCaptureService.swift */ = {isa = PBXFileReference; lastKnownFileType = sourcecode.swift; path = ScreenshotCaptureService.swift; sourceTree = "<group>"; };
		1A0000012DFF00000000010A /* AppHotkey.swift */ = {isa = PBXFileReference; lastKnownFileType = sourcecode.swift; path = AppHotkey.swift; sourceTree = "<group>"; };
		1A0000012DFF00000000010B /* HotkeyRecorderView.swift */ = {isa = PBXFileReference; lastKnownFileType = sourcecode.swift; path = HotkeyRecorderView.swift; sourceTree = "<group>"; };
		1A0000012DFF00000000010C /* ImageEditorView.swift */ = {isa = PBXFileReference; lastKnownFileType = sourcecode.swift; path = ImageEditorView.swift; sourceTree = "<group>"; };
		1A0000012DFF00000000010D /* AppTypography.swift */ = {isa = PBXFileReference; lastKnownFileType = sourcecode.swift; path = AppTypography.swift; sourceTree = "<group>"; };
		1A0000012DFF00000000010E /* ScreenCaptureOverlayController.swift */ = {isa = PBXFileReference; lastKnownFileType = sourcecode.swift; path = ScreenCaptureOverlayController.swift; sourceTree = "<group>"; };
/* End PBXFileReference section */

/* Begin PBXFrameworksBuildPhase section */
		1A0000012DFF000000000020 /* Frameworks */ = {
			isa = PBXFrameworksBuildPhase;
			buildActionMask = 2147483647;
			files = (
			);
			runOnlyForDeploymentPostprocessing = 0;
		};
/* End PBXFrameworksBuildPhase section */

/* Begin PBXGroup section */
		1A0000012DFF000000000030 = {
			isa = PBXGroup;
			children = (
				1A0000012DFF000000000031 /* ScreenshotManager */,
				1A0000012DFF000000000032 /* Products */,
			);
			sourceTree = "<group>";
		};
		1A0000012DFF000000000031 /* ScreenshotManager */ = {
			isa = PBXGroup;
			children = (
				1A0000012DFF000000000101 /* ScreenshotManagerApp.swift */,
				1A0000012DFF000000000102 /* AppDelegate.swift */,
				1A0000012DFF00000000010D /* AppTypography.swift */,
				1A0000012DFF00000000010A /* AppHotkey.swift */,
				1A0000012DFF000000000103 /* GlobalHotkeyManager.swift */,
				1A0000012DFF00000000010B /* HotkeyRecorderView.swift */,
				1A0000012DFF00000000010E /* ScreenCaptureOverlayController.swift */,
				1A0000012DFF000000000104 /* ScreenshotItem.swift */,
				1A0000012DFF000000000109 /* ScreenshotCaptureService.swift */,
				1A0000012DFF000000000105 /* ScreenshotStore.swift */,
				1A0000012DFF000000000106 /* ContentView.swift */,
				1A0000012DFF00000000010C /* ImageEditorView.swift */,
				1A0000012DFF000000000107 /* VisualEffectView.swift */,
				1A0000012DFF000000000108 /* Assets.xcassets */,
			);
			path = ScreenshotManager;
			sourceTree = "<group>";
		};
		1A0000012DFF000000000032 /* Products */ = {
			isa = PBXGroup;
			children = (
				1A0000012DFF000000000010 /* ScreenshotManager.app */,
			);
			name = Products;
			sourceTree = "<group>";
		};
/* End PBXGroup section */

/* Begin PBXNativeTarget section */
		1A0000012DFF000000000040 /* ScreenshotManager */ = {
			isa = PBXNativeTarget;
			buildConfigurationList = 1A0000012DFF000000000090 /* Build configuration list for PBXNativeTarget "ScreenshotManager" */;
			buildPhases = (
				1A0000012DFF000000000050 /* Sources */,
				1A0000012DFF000000000020 /* Frameworks */,
				1A0000012DFF000000000060 /* Resources */,
			);
			buildRules = (
			);
			dependencies = (
			);
			name = ScreenshotManager;
			productName = ScreenshotManager;
			productReference = 1A0000012DFF000000000010 /* ScreenshotManager.app */;
			productType = "com.apple.product-type.application";
		};
/* End PBXNativeTarget section */

/* Begin PBXProject section */
		1A0000012DFF000000000070 /* Project object */ = {
			isa = PBXProject;
			attributes = {
				BuildIndependentTargetsInParallel = 1;
				LastSwiftUpdateCheck = 2630;
				LastUpgradeCheck = 2630;
				TargetAttributes = {
					1A0000012DFF000000000040 = {
						CreatedOnToolsVersion = 26.3;
					};
				};
			};
			buildConfigurationList = 1A0000012DFF000000000080 /* Build configuration list for PBXProject "ScreenshotManager" */;
			compatibilityVersion = "Xcode 16.0";
			developmentRegion = en;
			hasScannedForEncodings = 0;
			knownRegions = (
				en,
				Base,
			);
			mainGroup = 1A0000012DFF000000000030;
			minimizedProjectReferenceProxies = 1;
			preferredProjectObjectVersion = 77;
			productRefGroup = 1A0000012DFF000000000032 /* Products */;
			projectDirPath = "";
			projectRoot = "";
			targets = (
				1A0000012DFF000000000040 /* ScreenshotManager */,
			);
		};
/* End PBXProject section */

/* Begin PBXResourcesBuildPhase section */
		1A0000012DFF000000000060 /* Resources */ = {
			isa = PBXResourcesBuildPhase;
			buildActionMask = 2147483647;
			files = (
				1A0000012DFF000000000008 /* Assets.xcassets in Resources */,
			);
			runOnlyForDeploymentPostprocessing = 0;
		};
/* End PBXResourcesBuildPhase section */

/* Begin PBXSourcesBuildPhase section */
		1A0000012DFF000000000050 /* Sources */ = {
			isa = PBXSourcesBuildPhase;
			buildActionMask = 2147483647;
			files = (
				1A0000012DFF000000000001 /* ScreenshotManagerApp.swift in Sources */,
				1A0000012DFF000000000002 /* AppDelegate.swift in Sources */,
				1A0000012DFF000000000003 /* GlobalHotkeyManager.swift in Sources */,
				1A0000012DFF000000000004 /* ScreenshotItem.swift in Sources */,
				1A0000012DFF000000000005 /* ScreenshotStore.swift in Sources */,
				1A0000012DFF000000000009 /* ScreenshotCaptureService.swift in Sources */,
				1A0000012DFF000000000006 /* ContentView.swift in Sources */,
				1A0000012DFF00000000000A /* AppHotkey.swift in Sources */,
				1A0000012DFF00000000000B /* HotkeyRecorderView.swift in Sources */,
				1A0000012DFF00000000000C /* ImageEditorView.swift in Sources */,
				1A0000012DFF00000000000D /* AppTypography.swift in Sources */,
				1A0000012DFF00000000000E /* ScreenCaptureOverlayController.swift in Sources */,
				1A0000012DFF000000000007 /* VisualEffectView.swift in Sources */,
			);
			runOnlyForDeploymentPostprocessing = 0;
		};
/* End PBXSourcesBuildPhase section */

/* Begin XCBuildConfiguration section */
		1A0000012DFF000000000081 /* Debug */ = {
			isa = XCBuildConfiguration;
			buildSettings = {
				ALWAYS_SEARCH_USER_PATHS = NO;
				CLANG_ANALYZER_NONNULL = YES;
				CLANG_ANALYZER_NUMBER_OBJECT_CONVERSION = YES_AGGRESSIVE;
				CLANG_CXX_LANGUAGE_STANDARD = "gnu++20";
				CLANG_ENABLE_MODULES = YES;
				CLANG_ENABLE_OBJC_ARC = YES;
				CLANG_ENABLE_OBJC_WEAK = YES;
				CLANG_WARN_BLOCK_CAPTURE_AUTORELEASING = YES;
				CLANG_WARN_BOOL_CONVERSION = YES;
				CLANG_WARN_COMMA = YES;
				CLANG_WARN_CONSTANT_CONVERSION = YES;
				CLANG_WARN_DEPRECATED_OBJC_IMPLEMENTATIONS = YES;
				CLANG_WARN_DIRECT_OBJC_ISA_USAGE = YES_ERROR;
				CLANG_WARN_DOCUMENTATION_COMMENTS = YES;
				CLANG_WARN_EMPTY_BODY = YES;
				CLANG_WARN_ENUM_CONVERSION = YES;
				CLANG_WARN_INFINITE_RECURSION = YES;
				CLANG_WARN_INT_CONVERSION = YES;
				CLANG_WARN_NON_LITERAL_NULL_CONVERSION = YES;
				CLANG_WARN_OBJC_IMPLICIT_RETAIN_SELF = YES;
				CLANG_WARN_OBJC_LITERAL_CONVERSION = YES;
				CLANG_WARN_OBJC_ROOT_CLASS = YES_ERROR;
				CLANG_WARN_QUOTED_INCLUDE_IN_FRAMEWORK_HEADER = YES;
				CLANG_WARN_RANGE_LOOP_ANALYSIS = YES;
				CLANG_WARN_STRICT_PROTOTYPES = YES;
				CLANG_WARN_SUSPICIOUS_MOVE = YES;
				CLANG_WARN_UNGUARDED_AVAILABILITY = YES_AGGRESSIVE;
				CLANG_WARN_UNREACHABLE_CODE = YES;
				CLANG_WARN__DUPLICATE_METHOD_MATCH = YES;
				COPY_PHASE_STRIP = NO;
				DEBUG_INFORMATION_FORMAT = dwarf;
				ENABLE_STRICT_OBJC_MSGSEND = YES;
				ENABLE_TESTABILITY = YES;
				ENABLE_USER_SCRIPT_SANDBOXING = YES;
				GCC_C_LANGUAGE_STANDARD = gnu17;
				GCC_DYNAMIC_NO_PIC = NO;
				GCC_NO_COMMON_BLOCKS = YES;
				GCC_OPTIMIZATION_LEVEL = 0;
				GCC_PREPROCESSOR_DEFINITIONS = (
					"DEBUG=1",
					"$(inherited)",
				);
				GCC_WARN_64_TO_32_BIT_CONVERSION = YES;
				GCC_WARN_ABOUT_RETURN_TYPE = YES_ERROR;
				GCC_WARN_UNDECLARED_SELECTOR = YES;
				GCC_WARN_UNINITIALIZED_AUTOS = YES_AGGRESSIVE;
				GCC_WARN_UNUSED_FUNCTION = YES;
				GCC_WARN_UNUSED_VARIABLE = YES;
				LOCALIZATION_PREFERS_STRING_CATALOGS = YES;
				MACOSX_DEPLOYMENT_TARGET = 14.0;
				MTL_ENABLE_DEBUG_INFO = INCLUDE_SOURCE;
				MTL_FAST_MATH = YES;
				ONLY_ACTIVE_ARCH = YES;
				SDKROOT = macosx;
				SWIFT_ACTIVE_COMPILATION_CONDITIONS = "DEBUG $(inherited)";
				SWIFT_OPTIMIZATION_LEVEL = "-Onone";
			};
			name = Debug;
		};
		1A0000012DFF000000000082 /* Release */ = {
			isa = XCBuildConfiguration;
			buildSettings = {
				ALWAYS_SEARCH_USER_PATHS = NO;
				CLANG_ANALYZER_NONNULL = YES;
				CLANG_ANALYZER_NUMBER_OBJECT_CONVERSION = YES_AGGRESSIVE;
				CLANG_CXX_LANGUAGE_STANDARD = "gnu++20";
				CLANG_ENABLE_MODULES = YES;
				CLANG_ENABLE_OBJC_ARC = YES;
				CLANG_ENABLE_OBJC_WEAK = YES;
				CLANG_WARN_BLOCK_CAPTURE_AUTORELEASING = YES;
				CLANG_WARN_BOOL_CONVERSION = YES;
				CLANG_WARN_COMMA = YES;
				CLANG_WARN_CONSTANT_CONVERSION = YES;
				CLANG_WARN_DEPRECATED_OBJC_IMPLEMENTATIONS = YES;
				CLANG_WARN_DIRECT_OBJC_ISA_USAGE = YES_ERROR;
				CLANG_WARN_DOCUMENTATION_COMMENTS = YES;
				CLANG_WARN_EMPTY_BODY = YES;
				CLANG_WARN_ENUM_CONVERSION = YES;
				CLANG_WARN_INFINITE_RECURSION = YES;
				CLANG_WARN_INT_CONVERSION = YES;
				CLANG_WARN_NON_LITERAL_NULL_CONVERSION = YES;
				CLANG_WARN_OBJC_IMPLICIT_RETAIN_SELF = YES;
				CLANG_WARN_OBJC_LITERAL_CONVERSION = YES;
				CLANG_WARN_OBJC_ROOT_CLASS = YES_ERROR;
				CLANG_WARN_QUOTED_INCLUDE_IN_FRAMEWORK_HEADER = YES;
				CLANG_WARN_RANGE_LOOP_ANALYSIS = YES;
				CLANG_WARN_STRICT_PROTOTYPES = YES;
				CLANG_WARN_SUSPICIOUS_MOVE = YES;
				CLANG_WARN_UNGUARDED_AVAILABILITY = YES_AGGRESSIVE;
				CLANG_WARN_UNREACHABLE_CODE = YES;
				CLANG_WARN__DUPLICATE_METHOD_MATCH = YES;
				COPY_PHASE_STRIP = NO;
				DEBUG_INFORMATION_FORMAT = "dwarf-with-dsym";
				ENABLE_NS_ASSERTIONS = NO;
				ENABLE_STRICT_OBJC_MSGSEND = YES;
				ENABLE_USER_SCRIPT_SANDBOXING = YES;
				GCC_C_LANGUAGE_STANDARD = gnu17;
				GCC_NO_COMMON_BLOCKS = YES;
				GCC_WARN_64_TO_32_BIT_CONVERSION = YES;
				GCC_WARN_ABOUT_RETURN_TYPE = YES_ERROR;
				GCC_WARN_UNDECLARED_SELECTOR = YES;
				GCC_WARN_UNINITIALIZED_AUTOS = YES_AGGRESSIVE;
				GCC_WARN_UNUSED_FUNCTION = YES;
				GCC_WARN_UNUSED_VARIABLE = YES;
				LOCALIZATION_PREFERS_STRING_CATALOGS = YES;
				MACOSX_DEPLOYMENT_TARGET = 14.0;
				MTL_ENABLE_DEBUG_INFO = NO;
				MTL_FAST_MATH = YES;
				SDKROOT = macosx;
				SWIFT_COMPILATION_MODE = wholemodule;
				VALIDATE_PRODUCT = YES;
			};
			name = Release;
		};
		1A0000012DFF000000000091 /* Debug */ = {
			isa = XCBuildConfiguration;
			buildSettings = {
				ASSETCATALOG_COMPILER_APPICON_NAME = AppIcon;
				ASSETCATALOG_COMPILER_GLOBAL_ACCENT_COLOR_NAME = AccentColor;
				CODE_SIGN_STYLE = Automatic;
				COMBINE_HIDPI_IMAGES = YES;
				CURRENT_PROJECT_VERSION = 1;
				DEVELOPMENT_ASSET_PATHS = "";
				ENABLE_HARDENED_RUNTIME = YES;
				GENERATE_INFOPLIST_FILE = YES;
				INFOPLIST_KEY_CFBundleDisplayName = "Screenshot Manager";
				INFOPLIST_KEY_LSApplicationCategoryType = "public.app-category.productivity";
				INFOPLIST_KEY_NSDesktopFolderUsageDescription = "Screenshot Manager indexes screenshots from your Desktop.";
				INFOPLIST_KEY_NSDocumentsFolderUsageDescription = "Screenshot Manager can index screenshots from folders you choose.";
				INFOPLIST_KEY_NSDownloadsFolderUsageDescription = "Screenshot Manager can index screenshots from your Downloads folder.";
				LD_RUNPATH_SEARCH_PATHS = (
					"$(inherited)",
					"@executable_path/../Frameworks",
				);
				MACOSX_DEPLOYMENT_TARGET = 14.0;
				MARKETING_VERSION = 0.1.0;
				PRODUCT_BUNDLE_IDENTIFIER = com.herpojmi365.screenshotmanager;
				PRODUCT_NAME = "$(TARGET_NAME)";
				SWIFT_EMIT_LOC_STRINGS = YES;
				SWIFT_VERSION = 6.0;
			};
			name = Debug;
		};
		1A0000012DFF000000000092 /* Release */ = {
			isa = XCBuildConfiguration;
			buildSettings = {
				ASSETCATALOG_COMPILER_APPICON_NAME = AppIcon;
				ASSETCATALOG_COMPILER_GLOBAL_ACCENT_COLOR_NAME = AccentColor;
				CODE_SIGN_STYLE = Automatic;
				COMBINE_HIDPI_IMAGES = YES;
				CURRENT_PROJECT_VERSION = 1;
				ENABLE_HARDENED_RUNTIME = YES;
				GENERATE_INFOPLIST_FILE = YES;
				INFOPLIST_KEY_CFBundleDisplayName = "Screenshot Manager";
				INFOPLIST_KEY_LSApplicationCategoryType = "public.app-category.productivity";
				INFOPLIST_KEY_NSDesktopFolderUsageDescription = "Screenshot Manager indexes screenshots from your Desktop.";
				INFOPLIST_KEY_NSDocumentsFolderUsageDescription = "Screenshot Manager can index screenshots from folders you choose.";
				INFOPLIST_KEY_NSDownloadsFolderUsageDescription = "Screenshot Manager can index screenshots from your Downloads folder.";
				LD_RUNPATH_SEARCH_PATHS = (
					"$(inherited)",
					"@executable_path/../Frameworks",
				);
				MACOSX_DEPLOYMENT_TARGET = 14.0;
				MARKETING_VERSION = 0.1.0;
				PRODUCT_BUNDLE_IDENTIFIER = com.herpojmi365.screenshotmanager;
				PRODUCT_NAME = "$(TARGET_NAME)";
				SWIFT_EMIT_LOC_STRINGS = YES;
				SWIFT_VERSION = 6.0;
			};
			name = Release;
		};
/* End XCBuildConfiguration section */

/* Begin XCConfigurationList section */
		1A0000012DFF000000000080 /* Build configuration list for PBXProject "ScreenshotManager" */ = {
			isa = XCConfigurationList;
			buildConfigurations = (
				1A0000012DFF000000000081 /* Debug */,
				1A0000012DFF000000000082 /* Release */,
			);
			defaultConfigurationIsVisible = 0;
			defaultConfigurationName = Release;
		};
		1A0000012DFF000000000090 /* Build configuration list for PBXNativeTarget "ScreenshotManager" */ = {
			isa = XCConfigurationList;
			buildConfigurations = (
				1A0000012DFF000000000091 /* Debug */,
				1A0000012DFF000000000092 /* Release */,
			);
			defaultConfigurationIsVisible = 0;
			defaultConfigurationName = Release;
		};
/* End XCConfigurationList section */
	};
	rootObject = 1A0000012DFF000000000070 /* Project object */;
}
